schema: '2.0'
stages:
  data_ingestion:
    cmd: python src/ParkinsonClassification/pipeline/pipeline_data_ingestion.py
    deps:
    - path: config/config.yaml
      hash: md5
      md5: 943d3cf6ae75b516ee5eab14a06f5742
      size: 539
    - path: src/ParkinsonClassification/pipeline/pipeline_data_ingestion.py
      hash: md5
      md5: fa74a3768de18446965963c7b7c169b3
      size: 934
    outs:
    - path: artifacts/data_ingestion/parkinsons_dataset
      hash: md5
      md5: 6306a0b3f2d68135256f066e9ac52927.dir
      size: 26754884
      nfiles: 828
  prepare_base_model:
    cmd: python src/ParkinsonClassification/pipeline/pipeline_prepare_base_model.py
    deps:
    - path: config/config.yaml
      hash: md5
      md5: 943d3cf6ae75b516ee5eab14a06f5742
      size: 539
    - path: src/ParkinsonClassification/pipeline/pipeline_prepare_base_model.py
      hash: md5
      md5: d6a9ae4c29de3f0734bff4e2e1dcd222
      size: 1021
    params:
      params.yaml:
        CLASSES: 2
        IMAGE_SIZE:
        - 224
        - 224
        - 3
        INCLUDE_TOP: false
        LEARNING_RATE: 0.01
        WEIGHTS: imagenet
    outs:
    - path: artifacts/prepare_base_model
      hash: md5
      md5: 58074093285ad57f79f7f836dfac5a83.dir
      size: 118054560
      nfiles: 2
  training:
    cmd: python src/ParkinsonClassification/pipeline/pipeline_model_training.py
    deps:
    - path: artifacts/data_ingestion/parkinsons_dataset
      hash: md5
      md5: 6306a0b3f2d68135256f066e9ac52927.dir
      size: 26754884
      nfiles: 828
    - path: artifacts/prepare_base_model
      hash: md5
      md5: 58074093285ad57f79f7f836dfac5a83.dir
      size: 118054560
      nfiles: 2
    - path: config/config.yaml
      hash: md5
      md5: 943d3cf6ae75b516ee5eab14a06f5742
      size: 539
    - path: src/ParkinsonClassification/pipeline/pipeline_model_training.py
      hash: md5
      md5: 9c6c6650b7411be43c7c2ab2ee3b5a19
      size: 945
    params:
      params.yaml:
        AUGMENTATION: true
        BATCH_SIZE: 16
        EPOCHS: 5
        IMAGE_SIZE:
        - 224
        - 224
        - 3
    outs:
    - path: artifacts/training/model.h5
      hash: md5
      md5: 0df68f2cd25eb450dabe1e00c185094f
      size: 59337520
  evaluation:
    cmd: python src/ParkinsonClassification/pipeline/pipeline_model_evaluation.py
    deps:
    - path: artifacts/data_ingestion/parkinsons_dataset
      hash: md5
      md5: 6306a0b3f2d68135256f066e9ac52927.dir
      size: 26754884
      nfiles: 828
    - path: artifacts/training/model.h5
      hash: md5
      md5: 0df68f2cd25eb450dabe1e00c185094f
      size: 59337520
    - path: config/config.yaml
      hash: md5
      md5: 943d3cf6ae75b516ee5eab14a06f5742
      size: 539
    - path: src/ParkinsonClassification/pipeline/pipeline_model_evaluation.py
      hash: md5
      md5: dfdba5a7dc2244f47343f8a0b25926a8
      size: 952
    params:
      params.yaml:
        BATCH_SIZE: 16
        IMAGE_SIZE:
        - 224
        - 224
        - 3
    outs:
    - path: scores.json
      hash: md5
      md5: c9bd594f7e82d159c9eba39a5c6ff29e
      size: 73
